
Microsoft Visual Studio Solution File, Format Version 12.00
# Visual Studio Version 17
VisualStudioVersion = 17.10.34916.146
MinimumVisualStudioVersion = 10.0.40219.1
Project("{FAE04EC0-301F-11D3-BF4B-00C04F79EFBC}") = "finaliwadpoject", "finaliwadpoject\finaliwadpoject.csproj", "{F00D9A0A-1236-4311-B18F-F7BC7BD9ABAC}"
EndProject
Global
	GlobalSection(SolutionConfigurationPlatforms) = preSolution
		Debug|Any CPU = Debug|Any CPU
		Release|Any CPU = Release|Any CPU
	EndGlobalSection
	GlobalSection(ProjectConfigurationPlatforms) = postSolution
		{F00D9A0A-1236-4311-B18F-F7BC7BD9ABAC}.Debug|Any CPU.ActiveCfg = Debug|Any CPU
		{F00D9A0A-1236-4311-B18F-F7BC7BD9ABAC}.Debug|Any CPU.Build.0 = Debug|Any CPU
		{F00D9A0A-1236-4311-B18F-F7BC7BD9ABAC}.Release|Any CPU.ActiveCfg = Release|Any CPU
		{F00D9A0A-1236-4311-B18F-F7BC7BD9ABAC}.Release|Any CPU.Build.0 = Release|Any CPU
	EndGlobalSection
	GlobalSection(SolutionProperties) = preSolution
		HideSolutionNode = FALSE
	EndGlobalSection
	GlobalSection(ExtensibilityGlobals) = postSolution
		SolutionGuid = {C3DCFF13-17F6-4756-9CF6-7227ED9772B4}
	EndGlobalSection
EndGlobal
